
Microsoft Visual Studio Solution File, Format Version 12.00
# Visual Studio Version 17
VisualStudioVersion = 17.5.33424.131
MinimumVisualStudioVersion = 10.0.40219.1
Project("{2150E333-8FDC-42A3-9474-1A3956D46DE8}") = "ms.users", "ms.users", "{AD7D4181-65C8-4EDC-9F41-7284F127199E}"
EndProject
Project("{E53339B2-1760-4266-BCC7-CA923CBCF16C}") = "docker-compose", "docker-compose.dcproj", "{166ABBCB-CA35-406C-A478-1EAB6B470173}"
EndProject
Project("{2150E333-8FDC-42A3-9474-1A3956D46DE8}") = "ms.jobseekers", "ms.jobseekers", "{D9066443-EBE1-4AF0-8659-352AC0BE660C}"
EndProject
Project("{2150E333-8FDC-42A3-9474-1A3956D46DE8}") = "ms.communications", "ms.communications", "{C8E315F5-6FD0-40CA-95BD-CFE42B6829F0}"
EndProject
Project("{2150E333-8FDC-42A3-9474-1A3956D46DE8}") = "dashboard", "dashboard", "{9CC3193B-B5A0-4ABF-B54A-932FE66C54B7}"
EndProject
Project("{2150E333-8FDC-42A3-9474-1A3956D46DE8}") = "frontend", "frontend", "{55F4DC60-8CDB-435A-85AB-FEFDFB42448B}"
EndProject
Project("{2150E333-8FDC-42A3-9474-1A3956D46DE8}") = "backend", "backend", "{23EB1FF4-DC8F-4CE7-A670-7539912EB276}"
EndProject
Project("{9A19103F-16F7-4668-BE54-9A1E7A4F7556}") = "ms.users.api", "ms.users\ms.users.api\ms.users.api.csproj", "{A86C6508-1FED-47D3-9DCB-14551C304E5E}"
EndProject
Project("{9A19103F-16F7-4668-BE54-9A1E7A4F7556}") = "ms.users.application", "ms.users\ms.users.application\ms.users.application.csproj", "{02F1A1FA-4928-4E5E-91D6-8799E7E8B8B4}"
EndProject
Project("{9A19103F-16F7-4668-BE54-9A1E7A4F7556}") = "ms.users.domain", "ms.users\ms.users.domain\ms.users.domain.csproj", "{752E60CE-3519-44EB-8CFA-1B265025366C}"
EndProject
Project("{9A19103F-16F7-4668-BE54-9A1E7A4F7556}") = "ms.users.infrastructure", "ms.users\ms.users.infrastructure\ms.users.infrastructure.csproj", "{723A035C-3C3B-4F11-8E42-CCBADB05B2E0}"
EndProject
Project("{9A19103F-16F7-4668-BE54-9A1E7A4F7556}") = "ms.web.ui", "ms.web\ms.web.ui\ms.web.ui.csproj", "{0ED6B8DE-E498-4789-B4F7-0B25AE8C557D}"
EndProject
Project("{9A19103F-16F7-4668-BE54-9A1E7A4F7556}") = "ms.web.application", "ms.web\ms.web.application\ms.web.application.csproj", "{BD666D85-9C39-4DAF-A1D8-162A16596CEA}"
EndProject
Project("{9A19103F-16F7-4668-BE54-9A1E7A4F7556}") = "ms.web.domain", "ms.web\ms.web.domain\ms.web.domain.csproj", "{B3A5A086-7A8C-4E70-B0B9-381F33DB71D3}"
EndProject
Project("{9A19103F-16F7-4668-BE54-9A1E7A4F7556}") = "ms.web.infrastructure", "ms.web\ms.web.infrastructure\ms.web.infrastructure.csproj", "{8A08AC58-6328-471B-BC9F-A79ACBC1C9E5}"
EndProject
Project("{9A19103F-16F7-4668-BE54-9A1E7A4F7556}") = "ms.rabbitmq", "ms.communications\ms.rabbitmq\ms.rabbitmq.csproj", "{D0DE2290-C46B-44A7-A420-7DA7EFEE51EF}"
EndProject
Project("{9A19103F-16F7-4668-BE54-9A1E7A4F7556}") = "ms.jobseekers.api", "ms.jobseekers\ms.jobseekers.api\ms.jobseekers.api.csproj", "{220EF36B-5B21-4DB7-8760-34CA956B4FCD}"
EndProject
Project("{9A19103F-16F7-4668-BE54-9A1E7A4F7556}") = "ms.jobseekers.application", "ms.jobseekers\ms.jobseekers.application\ms.jobseekers.application.csproj", "{146CAD89-377F-4B41-A5BA-5C3CC8F51DC7}"
EndProject
Project("{9A19103F-16F7-4668-BE54-9A1E7A4F7556}") = "ms.jobseekers.domain", "ms.jobseekers\ms.jobseekers.domain\ms.jobseekers.domain.csproj", "{825D1CB3-06AA-41AF-9B5B-7BC38CBE7080}"
EndProject
Project("{9A19103F-16F7-4668-BE54-9A1E7A4F7556}") = "ms.jobseekers.infrastructure", "ms.jobseekers\ms.jobseekers.infrastructure\ms.jobseekers.infrastructure.csproj", "{68469F6E-659E-4DFD-8DF5-D5CDCC31E9AC}"
EndProject
Project("{2150E333-8FDC-42A3-9474-1A3956D46DE8}") = "ms.jobapplications", "ms.jobapplications", "{4F442896-27A0-428B-BF9F-467012244BC5}"
EndProject
Project("{FAE04EC0-301F-11D3-BF4B-00C04F79EFBC}") = "ms.jobapplications.domain", "ms.jobapplications\ms.jobapplications.domain\ms.jobapplications.domain.csproj", "{4634205D-0215-4E62-9CDC-D9579CB2AF3C}"
EndProject
Project("{FAE04EC0-301F-11D3-BF4B-00C04F79EFBC}") = "ms.jobapplications.application", "ms.jobapplications\ms.jobapplications.application\ms.jobapplications.application.csproj", "{5DD3C60C-D335-4498-92A2-1F2F44114026}"
EndProject
Project("{FAE04EC0-301F-11D3-BF4B-00C04F79EFBC}") = "ms.jobapplications.infrastructure", "ms.jobapplications\ms.jobapplications.infrastructure\ms.jobapplications.infrastructure.csproj", "{01B736B9-1222-4051-B157-DBE7C74CDB03}"
EndProject
Project("{FAE04EC0-301F-11D3-BF4B-00C04F79EFBC}") = "ms.jobapplications.api", "ms.jobapplications\ms.jobapplications.api\ms.jobapplications.api.csproj", "{0E6B3651-6C94-46B6-BE1A-9B2AFFAA5FD2}"
EndProject
Global
	GlobalSection(SolutionConfigurationPlatforms) = preSolution
		Debug|Any CPU = Debug|Any CPU
		Release|Any CPU = Release|Any CPU
	EndGlobalSection
	GlobalSection(ProjectConfigurationPlatforms) = postSolution
		{166ABBCB-CA35-406C-A478-1EAB6B470173}.Debug|Any CPU.ActiveCfg = Debug|Any CPU
		{166ABBCB-CA35-406C-A478-1EAB6B470173}.Debug|Any CPU.Build.0 = Debug|Any CPU
		{166ABBCB-CA35-406C-A478-1EAB6B470173}.Release|Any CPU.ActiveCfg = Release|Any CPU
		{166ABBCB-CA35-406C-A478-1EAB6B470173}.Release|Any CPU.Build.0 = Release|Any CPU
		{A86C6508-1FED-47D3-9DCB-14551C304E5E}.Debug|Any CPU.ActiveCfg = Debug|Any CPU
		{A86C6508-1FED-47D3-9DCB-14551C304E5E}.Debug|Any CPU.Build.0 = Debug|Any CPU
		{A86C6508-1FED-47D3-9DCB-14551C304E5E}.Release|Any CPU.ActiveCfg = Release|Any CPU
		{A86C6508-1FED-47D3-9DCB-14551C304E5E}.Release|Any CPU.Build.0 = Release|Any CPU
		{02F1A1FA-4928-4E5E-91D6-8799E7E8B8B4}.Debug|Any CPU.ActiveCfg = Debug|Any CPU
		{02F1A1FA-4928-4E5E-91D6-8799E7E8B8B4}.Debug|Any CPU.Build.0 = Debug|Any CPU
		{02F1A1FA-4928-4E5E-91D6-8799E7E8B8B4}.Release|Any CPU.ActiveCfg = Release|Any CPU
		{02F1A1FA-4928-4E5E-91D6-8799E7E8B8B4}.Release|Any CPU.Build.0 = Release|Any CPU
		{752E60CE-3519-44EB-8CFA-1B265025366C}.Debug|Any CPU.ActiveCfg = Debug|Any CPU
		{752E60CE-3519-44EB-8CFA-1B265025366C}.Debug|Any CPU.Build.0 = Debug|Any CPU
		{752E60CE-3519-44EB-8CFA-1B265025366C}.Release|Any CPU.ActiveCfg = Release|Any CPU
		{752E60CE-3519-44EB-8CFA-1B265025366C}.Release|Any CPU.Build.0 = Release|Any CPU
		{723A035C-3C3B-4F11-8E42-CCBADB05B2E0}.Debug|Any CPU.ActiveCfg = Debug|Any CPU
		{723A035C-3C3B-4F11-8E42-CCBADB05B2E0}.Debug|Any CPU.Build.0 = Debug|Any CPU
		{723A035C-3C3B-4F11-8E42-CCBADB05B2E0}.Release|Any CPU.ActiveCfg = Release|Any CPU
		{723A035C-3C3B-4F11-8E42-CCBADB05B2E0}.Release|Any CPU.Build.0 = Release|Any CPU
		{0ED6B8DE-E498-4789-B4F7-0B25AE8C557D}.Debug|Any CPU.ActiveCfg = Debug|Any CPU
		{0ED6B8DE-E498-4789-B4F7-0B25AE8C557D}.Debug|Any CPU.Build.0 = Debug|Any CPU
		{0ED6B8DE-E498-4789-B4F7-0B25AE8C557D}.Release|Any CPU.ActiveCfg = Release|Any CPU
		{0ED6B8DE-E498-4789-B4F7-0B25AE8C557D}.Release|Any CPU.Build.0 = Release|Any CPU
		{BD666D85-9C39-4DAF-A1D8-162A16596CEA}.Debug|Any CPU.ActiveCfg = Debug|Any CPU
		{BD666D85-9C39-4DAF-A1D8-162A16596CEA}.Debug|Any CPU.Build.0 = Debug|Any CPU
		{BD666D85-9C39-4DAF-A1D8-162A16596CEA}.Release|Any CPU.ActiveCfg = Release|Any CPU
		{BD666D85-9C39-4DAF-A1D8-162A16596CEA}.Release|Any CPU.Build.0 = Release|Any CPU
		{B3A5A086-7A8C-4E70-B0B9-381F33DB71D3}.Debug|Any CPU.ActiveCfg = Debug|Any CPU
		{B3A5A086-7A8C-4E70-B0B9-381F33DB71D3}.Debug|Any CPU.Build.0 = Debug|Any CPU
		{B3A5A086-7A8C-4E70-B0B9-381F33DB71D3}.Release|Any CPU.ActiveCfg = Release|Any CPU
		{B3A5A086-7A8C-4E70-B0B9-381F33DB71D3}.Release|Any CPU.Build.0 = Release|Any CPU
		{8A08AC58-6328-471B-BC9F-A79ACBC1C9E5}.Debug|Any CPU.ActiveCfg = Debug|Any CPU
		{8A08AC58-6328-471B-BC9F-A79ACBC1C9E5}.Debug|Any CPU.Build.0 = Debug|Any CPU
		{8A08AC58-6328-471B-BC9F-A79ACBC1C9E5}.Release|Any CPU.ActiveCfg = Release|Any CPU
		{8A08AC58-6328-471B-BC9F-A79ACBC1C9E5}.Release|Any CPU.Build.0 = Release|Any CPU
		{D0DE2290-C46B-44A7-A420-7DA7EFEE51EF}.Debug|Any CPU.ActiveCfg = Debug|Any CPU
		{D0DE2290-C46B-44A7-A420-7DA7EFEE51EF}.Debug|Any CPU.Build.0 = Debug|Any CPU
		{D0DE2290-C46B-44A7-A420-7DA7EFEE51EF}.Release|Any CPU.ActiveCfg = Release|Any CPU
		{D0DE2290-C46B-44A7-A420-7DA7EFEE51EF}.Release|Any CPU.Build.0 = Release|Any CPU
		{220EF36B-5B21-4DB7-8760-34CA956B4FCD}.Debug|Any CPU.ActiveCfg = Debug|Any CPU
		{220EF36B-5B21-4DB7-8760-34CA956B4FCD}.Debug|Any CPU.Build.0 = Debug|Any CPU
		{220EF36B-5B21-4DB7-8760-34CA956B4FCD}.Release|Any CPU.ActiveCfg = Release|Any CPU
		{220EF36B-5B21-4DB7-8760-34CA956B4FCD}.Release|Any CPU.Build.0 = Release|Any CPU
		{146CAD89-377F-4B41-A5BA-5C3CC8F51DC7}.Debug|Any CPU.ActiveCfg = Debug|Any CPU
		{146CAD89-377F-4B41-A5BA-5C3CC8F51DC7}.Debug|Any CPU.Build.0 = Debug|Any CPU
		{146CAD89-377F-4B41-A5BA-5C3CC8F51DC7}.Release|Any CPU.ActiveCfg = Release|Any CPU
		{146CAD89-377F-4B41-A5BA-5C3CC8F51DC7}.Release|Any CPU.Build.0 = Release|Any CPU
		{825D1CB3-06AA-41AF-9B5B-7BC38CBE7080}.Debug|Any CPU.ActiveCfg = Debug|Any CPU
		{825D1CB3-06AA-41AF-9B5B-7BC38CBE7080}.Debug|Any CPU.Build.0 = Debug|Any CPU
		{825D1CB3-06AA-41AF-9B5B-7BC38CBE7080}.Release|Any CPU.ActiveCfg = Release|Any CPU
		{825D1CB3-06AA-41AF-9B5B-7BC38CBE7080}.Release|Any CPU.Build.0 = Release|Any CPU
		{68469F6E-659E-4DFD-8DF5-D5CDCC31E9AC}.Debug|Any CPU.ActiveCfg = Debug|Any CPU
		{68469F6E-659E-4DFD-8DF5-D5CDCC31E9AC}.Debug|Any CPU.Build.0 = Debug|Any CPU
		{68469F6E-659E-4DFD-8DF5-D5CDCC31E9AC}.Release|Any CPU.ActiveCfg = Release|Any CPU
		{68469F6E-659E-4DFD-8DF5-D5CDCC31E9AC}.Release|Any CPU.Build.0 = Release|Any CPU
		{4634205D-0215-4E62-9CDC-D9579CB2AF3C}.Debug|Any CPU.ActiveCfg = Debug|Any CPU
		{4634205D-0215-4E62-9CDC-D9579CB2AF3C}.Debug|Any CPU.Build.0 = Debug|Any CPU
		{4634205D-0215-4E62-9CDC-D9579CB2AF3C}.Release|Any CPU.ActiveCfg = Release|Any CPU
		{4634205D-0215-4E62-9CDC-D9579CB2AF3C}.Release|Any CPU.Build.0 = Release|Any CPU
		{5DD3C60C-D335-4498-92A2-1F2F44114026}.Debug|Any CPU.ActiveCfg = Debug|Any CPU
		{5DD3C60C-D335-4498-92A2-1F2F44114026}.Debug|Any CPU.Build.0 = Debug|Any CPU
		{5DD3C60C-D335-4498-92A2-1F2F44114026}.Release|Any CPU.ActiveCfg = Release|Any CPU
		{5DD3C60C-D335-4498-92A2-1F2F44114026}.Release|Any CPU.Build.0 = Release|Any CPU
		{01B736B9-1222-4051-B157-DBE7C74CDB03}.Debug|Any CPU.ActiveCfg = Debug|Any CPU
		{01B736B9-1222-4051-B157-DBE7C74CDB03}.Debug|Any CPU.Build.0 = Debug|Any CPU
		{01B736B9-1222-4051-B157-DBE7C74CDB03}.Release|Any CPU.ActiveCfg = Release|Any CPU
		{01B736B9-1222-4051-B157-DBE7C74CDB03}.Release|Any CPU.Build.0 = Release|Any CPU
		{0E6B3651-6C94-46B6-BE1A-9B2AFFAA5FD2}.Debug|Any CPU.ActiveCfg = Debug|Any CPU
		{0E6B3651-6C94-46B6-BE1A-9B2AFFAA5FD2}.Debug|Any CPU.Build.0 = Debug|Any CPU
		{0E6B3651-6C94-46B6-BE1A-9B2AFFAA5FD2}.Release|Any CPU.ActiveCfg = Release|Any CPU
		{0E6B3651-6C94-46B6-BE1A-9B2AFFAA5FD2}.Release|Any CPU.Build.0 = Release|Any CPU
	EndGlobalSection
	GlobalSection(SolutionProperties) = preSolution
		HideSolutionNode = FALSE
	EndGlobalSection
	GlobalSection(NestedProjects) = preSolution
		{AD7D4181-65C8-4EDC-9F41-7284F127199E} = {23EB1FF4-DC8F-4CE7-A670-7539912EB276}
		{D9066443-EBE1-4AF0-8659-352AC0BE660C} = {23EB1FF4-DC8F-4CE7-A670-7539912EB276}
		{C8E315F5-6FD0-40CA-95BD-CFE42B6829F0} = {23EB1FF4-DC8F-4CE7-A670-7539912EB276}
		{9CC3193B-B5A0-4ABF-B54A-932FE66C54B7} = {55F4DC60-8CDB-435A-85AB-FEFDFB42448B}
		{A86C6508-1FED-47D3-9DCB-14551C304E5E} = {AD7D4181-65C8-4EDC-9F41-7284F127199E}
		{02F1A1FA-4928-4E5E-91D6-8799E7E8B8B4} = {AD7D4181-65C8-4EDC-9F41-7284F127199E}
		{752E60CE-3519-44EB-8CFA-1B265025366C} = {AD7D4181-65C8-4EDC-9F41-7284F127199E}
		{723A035C-3C3B-4F11-8E42-CCBADB05B2E0} = {AD7D4181-65C8-4EDC-9F41-7284F127199E}
		{0ED6B8DE-E498-4789-B4F7-0B25AE8C557D} = {9CC3193B-B5A0-4ABF-B54A-932FE66C54B7}
		{BD666D85-9C39-4DAF-A1D8-162A16596CEA} = {9CC3193B-B5A0-4ABF-B54A-932FE66C54B7}
		{B3A5A086-7A8C-4E70-B0B9-381F33DB71D3} = {9CC3193B-B5A0-4ABF-B54A-932FE66C54B7}
		{8A08AC58-6328-471B-BC9F-A79ACBC1C9E5} = {9CC3193B-B5A0-4ABF-B54A-932FE66C54B7}
		{D0DE2290-C46B-44A7-A420-7DA7EFEE51EF} = {C8E315F5-6FD0-40CA-95BD-CFE42B6829F0}
		{220EF36B-5B21-4DB7-8760-34CA956B4FCD} = {D9066443-EBE1-4AF0-8659-352AC0BE660C}
		{146CAD89-377F-4B41-A5BA-5C3CC8F51DC7} = {D9066443-EBE1-4AF0-8659-352AC0BE660C}
		{825D1CB3-06AA-41AF-9B5B-7BC38CBE7080} = {D9066443-EBE1-4AF0-8659-352AC0BE660C}
		{68469F6E-659E-4DFD-8DF5-D5CDCC31E9AC} = {D9066443-EBE1-4AF0-8659-352AC0BE660C}
		{4F442896-27A0-428B-BF9F-467012244BC5} = {23EB1FF4-DC8F-4CE7-A670-7539912EB276}
		{4634205D-0215-4E62-9CDC-D9579CB2AF3C} = {4F442896-27A0-428B-BF9F-467012244BC5}
		{5DD3C60C-D335-4498-92A2-1F2F44114026} = {4F442896-27A0-428B-BF9F-467012244BC5}
		{01B736B9-1222-4051-B157-DBE7C74CDB03} = {4F442896-27A0-428B-BF9F-467012244BC5}
		{0E6B3651-6C94-46B6-BE1A-9B2AFFAA5FD2} = {4F442896-27A0-428B-BF9F-467012244BC5}
	EndGlobalSection
	GlobalSection(ExtensibilityGlobals) = postSolution
		SolutionGuid = {DE39CABF-6560-4F2A-93A3-93618AEAC754}
	EndGlobalSection
EndGlobal
