
Microsoft Visual Studio Solution File, Format Version 12.00
# Visual Studio Version 17
VisualStudioVersion = 17.5.33424.131
MinimumVisualStudioVersion = 10.0.40219.1
Project("{2150E333-8FDC-42A3-9474-1A3956D46DE8}") = "ms.users", "ms.users", "{AD7D4181-65C8-4EDC-9F41-7284F127199E}"
EndProject
Project("{E53339B2-1760-4266-BCC7-CA923CBCF16C}") = "docker-compose", "docker-compose.dcproj", "{166ABBCB-CA35-406C-A478-1EAB6B470173}"
EndProject
Project("{2150E333-8FDC-42A3-9474-1A3956D46DE8}") = "ms.students", "ms.students", "{D9066443-EBE1-4AF0-8659-352AC0BE660C}"
EndProject
Project("{2150E333-8FDC-42A3-9474-1A3956D46DE8}") = "ms.communications", "ms.communications", "{C8E315F5-6FD0-40CA-95BD-CFE42B6829F0}"
EndProject
Project("{2150E333-8FDC-42A3-9474-1A3956D46DE8}") = "ms.webspa", "ms.webspa", "{9CC3193B-B5A0-4ABF-B54A-932FE66C54B7}"
EndProject
Project("{2150E333-8FDC-42A3-9474-1A3956D46DE8}") = "frontend", "frontend", "{55F4DC60-8CDB-435A-85AB-FEFDFB42448B}"
EndProject
Project("{2150E333-8FDC-42A3-9474-1A3956D46DE8}") = "backend", "backend", "{23EB1FF4-DC8F-4CE7-A670-7539912EB276}"
EndProject
Project("{2150E333-8FDC-42A3-9474-1A3956D46DE8}") = "mobile", "mobile", "{3A42A043-9583-4342-827A-F007D9C0838A}"
EndProject
Project("{9A19103F-16F7-4668-BE54-9A1E7A4F7556}") = "ms.users.api", "ms.users\ms.users.api\ms.users.api.csproj", "{A86C6508-1FED-47D3-9DCB-14551C304E5E}"
EndProject
Project("{9A19103F-16F7-4668-BE54-9A1E7A4F7556}") = "ms.users.application", "ms.users\ms.users.application\ms.users.application.csproj", "{02F1A1FA-4928-4E5E-91D6-8799E7E8B8B4}"
EndProject
Project("{9A19103F-16F7-4668-BE54-9A1E7A4F7556}") = "ms.users.domain", "ms.users\ms.users.domain\ms.users.domain.csproj", "{752E60CE-3519-44EB-8CFA-1B265025366C}"
EndProject
Project("{9A19103F-16F7-4668-BE54-9A1E7A4F7556}") = "ms.users.infrastructure", "ms.users\ms.users.infrastructure\ms.users.infrastructure.csproj", "{723A035C-3C3B-4F11-8E42-CCBADB05B2E0}"
EndProject
Global
	GlobalSection(SolutionConfigurationPlatforms) = preSolution
		Debug|Any CPU = Debug|Any CPU
		Release|Any CPU = Release|Any CPU
	EndGlobalSection
	GlobalSection(ProjectConfigurationPlatforms) = postSolution
		{166ABBCB-CA35-406C-A478-1EAB6B470173}.Debug|Any CPU.ActiveCfg = Debug|Any CPU
		{166ABBCB-CA35-406C-A478-1EAB6B470173}.Debug|Any CPU.Build.0 = Debug|Any CPU
		{166ABBCB-CA35-406C-A478-1EAB6B470173}.Release|Any CPU.ActiveCfg = Release|Any CPU
		{166ABBCB-CA35-406C-A478-1EAB6B470173}.Release|Any CPU.Build.0 = Release|Any CPU
		{A86C6508-1FED-47D3-9DCB-14551C304E5E}.Debug|Any CPU.ActiveCfg = Debug|Any CPU
		{A86C6508-1FED-47D3-9DCB-14551C304E5E}.Debug|Any CPU.Build.0 = Debug|Any CPU
		{A86C6508-1FED-47D3-9DCB-14551C304E5E}.Release|Any CPU.ActiveCfg = Release|Any CPU
		{A86C6508-1FED-47D3-9DCB-14551C304E5E}.Release|Any CPU.Build.0 = Release|Any CPU
		{02F1A1FA-4928-4E5E-91D6-8799E7E8B8B4}.Debug|Any CPU.ActiveCfg = Debug|Any CPU
		{02F1A1FA-4928-4E5E-91D6-8799E7E8B8B4}.Debug|Any CPU.Build.0 = Debug|Any CPU
		{02F1A1FA-4928-4E5E-91D6-8799E7E8B8B4}.Release|Any CPU.ActiveCfg = Release|Any CPU
		{02F1A1FA-4928-4E5E-91D6-8799E7E8B8B4}.Release|Any CPU.Build.0 = Release|Any CPU
		{752E60CE-3519-44EB-8CFA-1B265025366C}.Debug|Any CPU.ActiveCfg = Debug|Any CPU
		{752E60CE-3519-44EB-8CFA-1B265025366C}.Debug|Any CPU.Build.0 = Debug|Any CPU
		{752E60CE-3519-44EB-8CFA-1B265025366C}.Release|Any CPU.ActiveCfg = Release|Any CPU
		{752E60CE-3519-44EB-8CFA-1B265025366C}.Release|Any CPU.Build.0 = Release|Any CPU
		{723A035C-3C3B-4F11-8E42-CCBADB05B2E0}.Debug|Any CPU.ActiveCfg = Debug|Any CPU
		{723A035C-3C3B-4F11-8E42-CCBADB05B2E0}.Debug|Any CPU.Build.0 = Debug|Any CPU
		{723A035C-3C3B-4F11-8E42-CCBADB05B2E0}.Release|Any CPU.ActiveCfg = Release|Any CPU
		{723A035C-3C3B-4F11-8E42-CCBADB05B2E0}.Release|Any CPU.Build.0 = Release|Any CPU
	EndGlobalSection
	GlobalSection(SolutionProperties) = preSolution
		HideSolutionNode = FALSE
	EndGlobalSection
	GlobalSection(NestedProjects) = preSolution
		{AD7D4181-65C8-4EDC-9F41-7284F127199E} = {23EB1FF4-DC8F-4CE7-A670-7539912EB276}
		{D9066443-EBE1-4AF0-8659-352AC0BE660C} = {23EB1FF4-DC8F-4CE7-A670-7539912EB276}
		{C8E315F5-6FD0-40CA-95BD-CFE42B6829F0} = {23EB1FF4-DC8F-4CE7-A670-7539912EB276}
		{9CC3193B-B5A0-4ABF-B54A-932FE66C54B7} = {55F4DC60-8CDB-435A-85AB-FEFDFB42448B}
		{3A42A043-9583-4342-827A-F007D9C0838A} = {55F4DC60-8CDB-435A-85AB-FEFDFB42448B}
		{A86C6508-1FED-47D3-9DCB-14551C304E5E} = {AD7D4181-65C8-4EDC-9F41-7284F127199E}
		{02F1A1FA-4928-4E5E-91D6-8799E7E8B8B4} = {AD7D4181-65C8-4EDC-9F41-7284F127199E}
		{752E60CE-3519-44EB-8CFA-1B265025366C} = {AD7D4181-65C8-4EDC-9F41-7284F127199E}
		{723A035C-3C3B-4F11-8E42-CCBADB05B2E0} = {AD7D4181-65C8-4EDC-9F41-7284F127199E}
	EndGlobalSection
	GlobalSection(ExtensibilityGlobals) = postSolution
		SolutionGuid = {DE39CABF-6560-4F2A-93A3-93618AEAC754}
	EndGlobalSection
EndGlobal
