
Microsoft Visual Studio Solution File, Format Version 12.00
# Visual Studio Version 17
VisualStudioVersion = 17.5.33424.131
MinimumVisualStudioVersion = 10.0.40219.1
Project("{2150E333-8FDC-42A3-9474-1A3956D46DE8}") = "ms.users", "ms.users", "{AD7D4181-65C8-4EDC-9F41-7284F127199E}"
EndProject
Project("{E53339B2-1760-4266-BCC7-CA923CBCF16C}") = "docker-compose", "docker-compose.dcproj", "{166ABBCB-CA35-406C-A478-1EAB6B470173}"
EndProject
Project("{2150E333-8FDC-42A3-9474-1A3956D46DE8}") = "ms.students", "ms.students", "{D9066443-EBE1-4AF0-8659-352AC0BE660C}"
EndProject
Project("{2150E333-8FDC-42A3-9474-1A3956D46DE8}") = "ms.communications", "ms.communications", "{C8E315F5-6FD0-40CA-95BD-CFE42B6829F0}"
	ProjectSection(SolutionItems) = preProject
		ms.communications\ms.rabbitmq\ms.rabbitmq.csproj = ms.communications\ms.rabbitmq\ms.rabbitmq.csproj
	EndProjectSection
EndProject
Project("{2150E333-8FDC-42A3-9474-1A3956D46DE8}") = "ms.web", "ms.web", "{9CC3193B-B5A0-4ABF-B54A-932FE66C54B7}"
EndProject
Project("{2150E333-8FDC-42A3-9474-1A3956D46DE8}") = "frontend", "frontend", "{55F4DC60-8CDB-435A-85AB-FEFDFB42448B}"
EndProject
Project("{2150E333-8FDC-42A3-9474-1A3956D46DE8}") = "backend", "backend", "{23EB1FF4-DC8F-4CE7-A670-7539912EB276}"
EndProject
Project("{2150E333-8FDC-42A3-9474-1A3956D46DE8}") = "mobile", "mobile", "{3A42A043-9583-4342-827A-F007D9C0838A}"
EndProject
Project("{9A19103F-16F7-4668-BE54-9A1E7A4F7556}") = "ms.users.api", "ms.users\ms.users.api\ms.users.api.csproj", "{A86C6508-1FED-47D3-9DCB-14551C304E5E}"
EndProject
Project("{9A19103F-16F7-4668-BE54-9A1E7A4F7556}") = "ms.users.application", "ms.users\ms.users.application\ms.users.application.csproj", "{02F1A1FA-4928-4E5E-91D6-8799E7E8B8B4}"
EndProject
Project("{9A19103F-16F7-4668-BE54-9A1E7A4F7556}") = "ms.users.domain", "ms.users\ms.users.domain\ms.users.domain.csproj", "{752E60CE-3519-44EB-8CFA-1B265025366C}"
EndProject
Project("{9A19103F-16F7-4668-BE54-9A1E7A4F7556}") = "ms.users.infrastructure", "ms.users\ms.users.infrastructure\ms.users.infrastructure.csproj", "{723A035C-3C3B-4F11-8E42-CCBADB05B2E0}"
EndProject
Project("{9A19103F-16F7-4668-BE54-9A1E7A4F7556}") = "ms.students.api", "ms.students\ms.students.api\ms.students.api.csproj", "{B60CD9A4-262B-4D30-B2F3-0A3B245F8AFF}"
EndProject
Project("{9A19103F-16F7-4668-BE54-9A1E7A4F7556}") = "ms.students.application", "ms.students\ms.students.application\ms.students.application.csproj", "{788CF6ED-79E2-474B-9CE0-208F9D218AD9}"
EndProject
Project("{9A19103F-16F7-4668-BE54-9A1E7A4F7556}") = "ms.students.domain", "ms.students\ms.students.domain\ms.students.domain.csproj", "{21ECAE7A-3619-479D-9DBC-9C27F78EA019}"
EndProject
Project("{9A19103F-16F7-4668-BE54-9A1E7A4F7556}") = "ms.students.infrastructure", "ms.students\ms.students.infrastructure\ms.students.infrastructure.csproj", "{277437B4-C99E-4D56-BA7F-7AA1173E155A}"
EndProject
Project("{FAE04EC0-301F-11D3-BF4B-00C04F79EFBC}") = "ms.web.ui", "ms.web\ms.web.ui\ms.web.ui.csproj", "{0ED6B8DE-E498-4789-B4F7-0B25AE8C557D}"
EndProject
Project("{FAE04EC0-301F-11D3-BF4B-00C04F79EFBC}") = "ms.web.application", "ms.web\ms.web.application\ms.web.application.csproj", "{BD666D85-9C39-4DAF-A1D8-162A16596CEA}"
EndProject
Project("{FAE04EC0-301F-11D3-BF4B-00C04F79EFBC}") = "ms.web.domain", "ms.web\ms.web.domain\ms.web.domain.csproj", "{B3A5A086-7A8C-4E70-B0B9-381F33DB71D3}"
EndProject
Project("{FAE04EC0-301F-11D3-BF4B-00C04F79EFBC}") = "ms.web.infrastructure", "ms.web\ms.web.infrastructure\ms.web.infrastructure.csproj", "{8A08AC58-6328-471B-BC9F-A79ACBC1C9E5}"
EndProject
Global
	GlobalSection(SolutionConfigurationPlatforms) = preSolution
		Debug|Any CPU = Debug|Any CPU
		Release|Any CPU = Release|Any CPU
	EndGlobalSection
	GlobalSection(ProjectConfigurationPlatforms) = postSolution
		{166ABBCB-CA35-406C-A478-1EAB6B470173}.Debug|Any CPU.ActiveCfg = Debug|Any CPU
		{166ABBCB-CA35-406C-A478-1EAB6B470173}.Debug|Any CPU.Build.0 = Debug|Any CPU
		{166ABBCB-CA35-406C-A478-1EAB6B470173}.Release|Any CPU.ActiveCfg = Release|Any CPU
		{166ABBCB-CA35-406C-A478-1EAB6B470173}.Release|Any CPU.Build.0 = Release|Any CPU
		{A86C6508-1FED-47D3-9DCB-14551C304E5E}.Debug|Any CPU.ActiveCfg = Debug|Any CPU
		{A86C6508-1FED-47D3-9DCB-14551C304E5E}.Debug|Any CPU.Build.0 = Debug|Any CPU
		{A86C6508-1FED-47D3-9DCB-14551C304E5E}.Release|Any CPU.ActiveCfg = Release|Any CPU
		{A86C6508-1FED-47D3-9DCB-14551C304E5E}.Release|Any CPU.Build.0 = Release|Any CPU
		{02F1A1FA-4928-4E5E-91D6-8799E7E8B8B4}.Debug|Any CPU.ActiveCfg = Debug|Any CPU
		{02F1A1FA-4928-4E5E-91D6-8799E7E8B8B4}.Debug|Any CPU.Build.0 = Debug|Any CPU
		{02F1A1FA-4928-4E5E-91D6-8799E7E8B8B4}.Release|Any CPU.ActiveCfg = Release|Any CPU
		{02F1A1FA-4928-4E5E-91D6-8799E7E8B8B4}.Release|Any CPU.Build.0 = Release|Any CPU
		{752E60CE-3519-44EB-8CFA-1B265025366C}.Debug|Any CPU.ActiveCfg = Debug|Any CPU
		{752E60CE-3519-44EB-8CFA-1B265025366C}.Debug|Any CPU.Build.0 = Debug|Any CPU
		{752E60CE-3519-44EB-8CFA-1B265025366C}.Release|Any CPU.ActiveCfg = Release|Any CPU
		{752E60CE-3519-44EB-8CFA-1B265025366C}.Release|Any CPU.Build.0 = Release|Any CPU
		{723A035C-3C3B-4F11-8E42-CCBADB05B2E0}.Debug|Any CPU.ActiveCfg = Debug|Any CPU
		{723A035C-3C3B-4F11-8E42-CCBADB05B2E0}.Debug|Any CPU.Build.0 = Debug|Any CPU
		{723A035C-3C3B-4F11-8E42-CCBADB05B2E0}.Release|Any CPU.ActiveCfg = Release|Any CPU
		{723A035C-3C3B-4F11-8E42-CCBADB05B2E0}.Release|Any CPU.Build.0 = Release|Any CPU
		{B60CD9A4-262B-4D30-B2F3-0A3B245F8AFF}.Debug|Any CPU.ActiveCfg = Debug|Any CPU
		{B60CD9A4-262B-4D30-B2F3-0A3B245F8AFF}.Debug|Any CPU.Build.0 = Debug|Any CPU
		{B60CD9A4-262B-4D30-B2F3-0A3B245F8AFF}.Release|Any CPU.ActiveCfg = Release|Any CPU
		{B60CD9A4-262B-4D30-B2F3-0A3B245F8AFF}.Release|Any CPU.Build.0 = Release|Any CPU
		{788CF6ED-79E2-474B-9CE0-208F9D218AD9}.Debug|Any CPU.ActiveCfg = Debug|Any CPU
		{788CF6ED-79E2-474B-9CE0-208F9D218AD9}.Debug|Any CPU.Build.0 = Debug|Any CPU
		{788CF6ED-79E2-474B-9CE0-208F9D218AD9}.Release|Any CPU.ActiveCfg = Release|Any CPU
		{788CF6ED-79E2-474B-9CE0-208F9D218AD9}.Release|Any CPU.Build.0 = Release|Any CPU
		{21ECAE7A-3619-479D-9DBC-9C27F78EA019}.Debug|Any CPU.ActiveCfg = Debug|Any CPU
		{21ECAE7A-3619-479D-9DBC-9C27F78EA019}.Debug|Any CPU.Build.0 = Debug|Any CPU
		{21ECAE7A-3619-479D-9DBC-9C27F78EA019}.Release|Any CPU.ActiveCfg = Release|Any CPU
		{21ECAE7A-3619-479D-9DBC-9C27F78EA019}.Release|Any CPU.Build.0 = Release|Any CPU
		{277437B4-C99E-4D56-BA7F-7AA1173E155A}.Debug|Any CPU.ActiveCfg = Debug|Any CPU
		{277437B4-C99E-4D56-BA7F-7AA1173E155A}.Debug|Any CPU.Build.0 = Debug|Any CPU
		{277437B4-C99E-4D56-BA7F-7AA1173E155A}.Release|Any CPU.ActiveCfg = Release|Any CPU
		{277437B4-C99E-4D56-BA7F-7AA1173E155A}.Release|Any CPU.Build.0 = Release|Any CPU
		{0ED6B8DE-E498-4789-B4F7-0B25AE8C557D}.Debug|Any CPU.ActiveCfg = Debug|Any CPU
		{0ED6B8DE-E498-4789-B4F7-0B25AE8C557D}.Debug|Any CPU.Build.0 = Debug|Any CPU
		{0ED6B8DE-E498-4789-B4F7-0B25AE8C557D}.Release|Any CPU.ActiveCfg = Release|Any CPU
		{0ED6B8DE-E498-4789-B4F7-0B25AE8C557D}.Release|Any CPU.Build.0 = Release|Any CPU
		{BD666D85-9C39-4DAF-A1D8-162A16596CEA}.Debug|Any CPU.ActiveCfg = Debug|Any CPU
		{BD666D85-9C39-4DAF-A1D8-162A16596CEA}.Debug|Any CPU.Build.0 = Debug|Any CPU
		{BD666D85-9C39-4DAF-A1D8-162A16596CEA}.Release|Any CPU.ActiveCfg = Release|Any CPU
		{BD666D85-9C39-4DAF-A1D8-162A16596CEA}.Release|Any CPU.Build.0 = Release|Any CPU
		{B3A5A086-7A8C-4E70-B0B9-381F33DB71D3}.Debug|Any CPU.ActiveCfg = Debug|Any CPU
		{B3A5A086-7A8C-4E70-B0B9-381F33DB71D3}.Debug|Any CPU.Build.0 = Debug|Any CPU
		{B3A5A086-7A8C-4E70-B0B9-381F33DB71D3}.Release|Any CPU.ActiveCfg = Release|Any CPU
		{B3A5A086-7A8C-4E70-B0B9-381F33DB71D3}.Release|Any CPU.Build.0 = Release|Any CPU
		{8A08AC58-6328-471B-BC9F-A79ACBC1C9E5}.Debug|Any CPU.ActiveCfg = Debug|Any CPU
		{8A08AC58-6328-471B-BC9F-A79ACBC1C9E5}.Debug|Any CPU.Build.0 = Debug|Any CPU
		{8A08AC58-6328-471B-BC9F-A79ACBC1C9E5}.Release|Any CPU.ActiveCfg = Release|Any CPU
		{8A08AC58-6328-471B-BC9F-A79ACBC1C9E5}.Release|Any CPU.Build.0 = Release|Any CPU
	EndGlobalSection
	GlobalSection(SolutionProperties) = preSolution
		HideSolutionNode = FALSE
	EndGlobalSection
	GlobalSection(NestedProjects) = preSolution
		{AD7D4181-65C8-4EDC-9F41-7284F127199E} = {23EB1FF4-DC8F-4CE7-A670-7539912EB276}
		{D9066443-EBE1-4AF0-8659-352AC0BE660C} = {23EB1FF4-DC8F-4CE7-A670-7539912EB276}
		{C8E315F5-6FD0-40CA-95BD-CFE42B6829F0} = {23EB1FF4-DC8F-4CE7-A670-7539912EB276}
		{9CC3193B-B5A0-4ABF-B54A-932FE66C54B7} = {55F4DC60-8CDB-435A-85AB-FEFDFB42448B}
		{3A42A043-9583-4342-827A-F007D9C0838A} = {55F4DC60-8CDB-435A-85AB-FEFDFB42448B}
		{A86C6508-1FED-47D3-9DCB-14551C304E5E} = {AD7D4181-65C8-4EDC-9F41-7284F127199E}
		{02F1A1FA-4928-4E5E-91D6-8799E7E8B8B4} = {AD7D4181-65C8-4EDC-9F41-7284F127199E}
		{752E60CE-3519-44EB-8CFA-1B265025366C} = {AD7D4181-65C8-4EDC-9F41-7284F127199E}
		{723A035C-3C3B-4F11-8E42-CCBADB05B2E0} = {AD7D4181-65C8-4EDC-9F41-7284F127199E}
		{B60CD9A4-262B-4D30-B2F3-0A3B245F8AFF} = {D9066443-EBE1-4AF0-8659-352AC0BE660C}
		{788CF6ED-79E2-474B-9CE0-208F9D218AD9} = {D9066443-EBE1-4AF0-8659-352AC0BE660C}
		{21ECAE7A-3619-479D-9DBC-9C27F78EA019} = {D9066443-EBE1-4AF0-8659-352AC0BE660C}
		{277437B4-C99E-4D56-BA7F-7AA1173E155A} = {D9066443-EBE1-4AF0-8659-352AC0BE660C}
		{0ED6B8DE-E498-4789-B4F7-0B25AE8C557D} = {9CC3193B-B5A0-4ABF-B54A-932FE66C54B7}
		{BD666D85-9C39-4DAF-A1D8-162A16596CEA} = {9CC3193B-B5A0-4ABF-B54A-932FE66C54B7}
		{B3A5A086-7A8C-4E70-B0B9-381F33DB71D3} = {9CC3193B-B5A0-4ABF-B54A-932FE66C54B7}
		{8A08AC58-6328-471B-BC9F-A79ACBC1C9E5} = {9CC3193B-B5A0-4ABF-B54A-932FE66C54B7}
	EndGlobalSection
	GlobalSection(ExtensibilityGlobals) = postSolution
		SolutionGuid = {DE39CABF-6560-4F2A-93A3-93618AEAC754}
	EndGlobalSection
EndGlobal
