
Microsoft Visual Studio Solution File, Format Version 12.00
# Visual Studio Version 17
VisualStudioVersion = 17.8.34309.116
MinimumVisualStudioVersion = 10.0.40219.1
Project("{9A19103F-16F7-4668-BE54-9A1E7A4F7556}") = "MusicSchool.Mobile", "MusicSchool.Mobile.csproj", "{191CC9E7-D807-4C7E-AC86-B28CFF970CBE}"
EndProject
Global
	GlobalSection(SolutionConfigurationPlatforms) = preSolution
		Debug|Any CPU = Debug|Any CPU
		Release|Any CPU = Release|Any CPU
	EndGlobalSection
	GlobalSection(ProjectConfigurationPlatforms) = postSolution
		{191CC9E7-D807-4C7E-AC86-B28CFF970CBE}.Debug|Any CPU.ActiveCfg = Debug|Any CPU
		{191CC9E7-D807-4C7E-AC86-B28CFF970CBE}.Debug|Any CPU.Build.0 = Debug|Any CPU
		{191CC9E7-D807-4C7E-AC86-B28CFF970CBE}.Debug|Any CPU.Deploy.0 = Debug|Any CPU
		{191CC9E7-D807-4C7E-AC86-B28CFF970CBE}.Release|Any CPU.ActiveCfg = Release|Any CPU
		{191CC9E7-D807-4C7E-AC86-B28CFF970CBE}.Release|Any CPU.Build.0 = Release|Any CPU
		{191CC9E7-D807-4C7E-AC86-B28CFF970CBE}.Release|Any CPU.Deploy.0 = Release|Any CPU
	EndGlobalSection
	GlobalSection(SolutionProperties) = preSolution
		HideSolutionNode = FALSE
	EndGlobalSection
	GlobalSection(ExtensibilityGlobals) = postSolution
		SolutionGuid = {E97D68E3-1E37-43E2-8947-FFA69482FA95}
	EndGlobalSection
EndGlobal
